github.com/q191201771/naza v0.30.49 h1:s1961+B6QW9arffMwn1t1KYcbQTqsNx4DyxvoV90FQk=
github.com/q191201771/naza v0.30.49/go.mod h1:n+dpJjQSh90PxBwxBNuifOwQttywvSIN5TkWSSYCeBk=
golang.org/x/text v0.32.0 h1:ZD01bjUt1FQ9WJ0ClOL5vxgxOI/sVCNgX1YtKwcY0mU=
golang.org/x/text v0.32.0/go.mod h1:o/rUWzghvpD5TXrTIBuJU77MTaN0ljMWE47kxGJQ7jY=
